Microsoft Visual Studio Solution File, Format Version 8.00
Project("{8BC9CEB8-8B4A-11D0-8D11-00A0C91BC942}") = "ospsample", "ospsample.vcproj", "{3D9F7A6D-8E39-4AE2-A07C-F2F940DFF846}"
	ProjectSection(ProjectDependencies) = postProject
		{E0C92F25-49DE-4827-B027-CC6150BD6F87} = {E0C92F25-49DE-4827-B027-CC6150BD6F87}
	EndProjectSection
EndProject
Project("{8BC9CEB8-8B4A-11D0-8D11-00A0C91BC942}") = "OpenH323Lib", "..\..\OpenH323Lib.vcproj", "{E0C92F25-49DE-4827-B027-CC6150BD6F87}"
	ProjectSection(ProjectDependencies) = postProject
		{2EDD243A-6133-4BDA-A642-3CEBDABB8F4A} = {2EDD243A-6133-4BDA-A642-3CEBDABB8F4A}
	EndProjectSection
EndProject
Project("{8BC9CEB8-8B4A-11D0-8D11-00A0C91BC942}") = "Console Components", "..\..\..\pwlib\src\ptlib\msos\Console Components.vcproj", "{2EDD243A-6133-4BDA-A642-3CEBDABB8F4A}"
	ProjectSection(ProjectDependencies) = postProject
		{E61B4DFB-0CAB-46DD-BB02-1AFFD61DB7F5} = {E61B4DFB-0CAB-46DD-BB02-1AFFD61DB7F5}
	EndProjectSection
EndProject
Project("{8BC9CEB8-8B4A-11D0-8D11-00A0C91BC942}") = "Console", "..\..\..\pwlib\src\ptlib\msos\Console.vcproj", "{E61B4DFB-0CAB-46DD-BB02-1AFFD61DB7F5}"
	ProjectSection(ProjectDependencies) = postProject
	EndProjectSection
EndProject
Project("{8BC9CEB8-8B4A-11D0-8D11-00A0C91BC942}") = "SimpH323", "..\simple\simple.vcproj", "{734AB983-364F-41CF-B252-E35CD6328AE5}"
	ProjectSection(ProjectDependencies) = postProject
		{E0C92F25-49DE-4827-B027-CC6150BD6F87} = {E0C92F25-49DE-4827-B027-CC6150BD6F87}
	EndProjectSection
EndProject
Global
	GlobalSection(SolutionConfiguration) = preSolution
		Debug = Debug
		No Trace = No Trace
		Release = Release
	EndGlobalSection
	GlobalSection(ProjectConfiguration) = postSolution
		{3D9F7A6D-8E39-4AE2-A07C-F2F940DFF846}.Debug.ActiveCfg = Debug|Win32
		{3D9F7A6D-8E39-4AE2-A07C-F2F940DFF846}.Debug.Build.0 = Debug|Win32
		{3D9F7A6D-8E39-4AE2-A07C-F2F940DFF846}.No Trace.ActiveCfg = Debug|Win32
		{3D9F7A6D-8E39-4AE2-A07C-F2F940DFF846}.No Trace.Build.0 = Debug|Win32
		{3D9F7A6D-8E39-4AE2-A07C-F2F940DFF846}.Release.ActiveCfg = Release|Win32
		{3D9F7A6D-8E39-4AE2-A07C-F2F940DFF846}.Release.Build.0 = Release|Win32
		{E0C92F25-49DE-4827-B027-CC6150BD6F87}.Debug.ActiveCfg = Debug|Win32
		{E0C92F25-49DE-4827-B027-CC6150BD6F87}.Debug.Build.0 = Debug|Win32
		{E0C92F25-49DE-4827-B027-CC6150BD6F87}.No Trace.ActiveCfg = No Trace|Win32
		{E0C92F25-49DE-4827-B027-CC6150BD6F87}.No Trace.Build.0 = No Trace|Win32
		{E0C92F25-49DE-4827-B027-CC6150BD6F87}.Release.ActiveCfg = Release|Win32
		{E0C92F25-49DE-4827-B027-CC6150BD6F87}.Release.Build.0 = Release|Win32
		{2EDD243A-6133-4BDA-A642-3CEBDABB8F4A}.Debug.ActiveCfg = Debug|Win32
		{2EDD243A-6133-4BDA-A642-3CEBDABB8F4A}.Debug.Build.0 = Debug|Win32
		{2EDD243A-6133-4BDA-A642-3CEBDABB8F4A}.No Trace.ActiveCfg = Release|Win32
		{2EDD243A-6133-4BDA-A642-3CEBDABB8F4A}.No Trace.Build.0 = Release|Win32
		{2EDD243A-6133-4BDA-A642-3CEBDABB8F4A}.Release.ActiveCfg = Release|Win32
		{2EDD243A-6133-4BDA-A642-3CEBDABB8F4A}.Release.Build.0 = Release|Win32
		{E61B4DFB-0CAB-46DD-BB02-1AFFD61DB7F5}.Debug.ActiveCfg = Debug|Win32
		{E61B4DFB-0CAB-46DD-BB02-1AFFD61DB7F5}.Debug.Build.0 = Debug|Win32
		{E61B4DFB-0CAB-46DD-BB02-1AFFD61DB7F5}.No Trace.ActiveCfg = Release|Win32
		{E61B4DFB-0CAB-46DD-BB02-1AFFD61DB7F5}.No Trace.Build.0 = Release|Win32
		{E61B4DFB-0CAB-46DD-BB02-1AFFD61DB7F5}.Release.ActiveCfg = Release|Win32
		{E61B4DFB-0CAB-46DD-BB02-1AFFD61DB7F5}.Release.Build.0 = Release|Win32
		{734AB983-364F-41CF-B252-E35CD6328AE5}.Debug.ActiveCfg = Debug|Win32
		{734AB983-364F-41CF-B252-E35CD6328AE5}.Debug.Build.0 = Debug|Win32
		{734AB983-364F-41CF-B252-E35CD6328AE5}.No Trace.ActiveCfg = No Trace|Win32
		{734AB983-364F-41CF-B252-E35CD6328AE5}.No Trace.Build.0 = No Trace|Win32
		{734AB983-364F-41CF-B252-E35CD6328AE5}.Release.ActiveCfg = Release|Win32
		{734AB983-364F-41CF-B252-E35CD6328AE5}.Release.Build.0 = Release|Win32
	EndGlobalSection
	GlobalSection(ExtensibilityGlobals) = postSolution
	EndGlobalSection
	GlobalSection(ExtensibilityAddIns) = postSolution
	EndGlobalSection
EndGlobal
