Microsoft Visual Studio Solution File, Format Version 8.00
Project("{8BC9CEB8-8B4A-11D0-8D11-00A0C91BC942}") = "OpenH323Lib", "OpenH323Lib.vcproj", "{46BAE05E-698B-4276-820A-D4241F208CE2}"
	ProjectSection(ProjectDependencies) = postProject
	EndProjectSection
EndProject
Project("{8BC9CEB8-8B4A-11D0-8D11-00A0C91BC942}") = "OpenH323dll", "OpenH323dll.vcproj", "{6819994A-A59B-4896-8805-C5C4FC52F31D}"
	ProjectSection(ProjectDependencies) = postProject
		{F1C13640-A056-4280-B1C6-6582E5890B89} = {F1C13640-A056-4280-B1C6-6582E5890B89}
		{46BAE05E-698B-4276-820A-D4241F208CE2} = {46BAE05E-698B-4276-820A-D4241F208CE2}
		{02AFB070-A9D5-4FB7-A041-311722C9F8D4} = {02AFB070-A9D5-4FB7-A041-311722C9F8D4}
	EndProjectSection
EndProject
Project("{8BC9CEB8-8B4A-11D0-8D11-00A0C91BC942}") = "SimpH323", "samples\simple\simple.vcproj", "{AC8B99A3-6DEA-48B0-A6A6-31A982FAAD0A}"
	ProjectSection(ProjectDependencies) = postProject
		{6819994A-A59B-4896-8805-C5C4FC52F31D} = {6819994A-A59B-4896-8805-C5C4FC52F31D}
	EndProjectSection
EndProject
Project("{8BC9CEB8-8B4A-11D0-8D11-00A0C91BC942}") = "mfc", "samples\mfc\mfc.vcproj", "{100A8A78-E4C2-4169-991A-947F822B0FF8}"
	ProjectSection(ProjectDependencies) = postProject
		{6819994A-A59B-4896-8805-C5C4FC52F31D} = {6819994A-A59B-4896-8805-C5C4FC52F31D}
	EndProjectSection
EndProject
Project("{8BC9CEB8-8B4A-11D0-8D11-00A0C91BC942}") = "ilbccodec", "plugins\audio\iLBC\ilbccodec.vcproj", "{F1C13640-A056-4280-B1C6-6582E5890B89}"
	ProjectSection(ProjectDependencies) = postProject
	EndProjectSection
EndProject
Project("{8BC9CEB8-8B4A-11D0-8D11-00A0C91BC942}") = "Speex", "plugins\audio\Speex\Speex.vcproj", "{02AFB070-A9D5-4FB7-A041-311722C9F8D4}"
	ProjectSection(ProjectDependencies) = postProject
	EndProjectSection
EndProject
Project("{8BC9CEB8-8B4A-11D0-8D11-00A0C91BC942}") = "gsm0610", "plugins\audio\GSM0610\gsm0610.vcproj", "{E6897206-9765-4B73-9A98-DAC5787814CE}"
	ProjectSection(ProjectDependencies) = postProject
	EndProjectSection
EndProject
Project("{8BC9CEB8-8B4A-11D0-8D11-00A0C91BC942}") = "G726", "plugins\audio\G726\G726.vcproj", "{269DA9EF-526D-46DE-AA69-D39EFBCB29C0}"
	ProjectSection(ProjectDependencies) = postProject
	EndProjectSection
EndProject
Project("{8BC9CEB8-8B4A-11D0-8D11-00A0C91BC942}") = "IMA_ADPCM", "plugins\audio\IMA_ADPCM\IMA_ADPCM.vcproj", "{25F0AA82-0186-45AD-92C3-EE1F9282A038}"
	ProjectSection(ProjectDependencies) = postProject
	EndProjectSection
EndProject
Project("{8BC9CEB8-8B4A-11D0-8D11-00A0C91BC942}") = "LPC_10", "plugins\audio\LPC_10\LPC_10.vcproj", "{9481B85A-4166-4607-ADC4-0C19D2753EB7}"
	ProjectSection(ProjectDependencies) = postProject
	EndProjectSection
EndProject
Project("{8BC9CEB8-8B4A-11D0-8D11-00A0C91BC942}") = "VoiceAgeG729", "plugins\audio\VoiceAgeG729\VoiceAgeG729.vcproj", "{3F038BF6-B7B9-4941-AF57-8D539FC05781}"
	ProjectSection(ProjectDependencies) = postProject
	EndProjectSection
EndProject
Project("{8BC9CEB8-8B4A-11D0-8D11-00A0C91BC942}") = "gsmamr", "plugins\audio\gsm-amr\gsmamr.vcproj", "{92E9FA1E-2925-42FD-8226-A07CBD237E18}"
	ProjectSection(ProjectDependencies) = postProject
	EndProjectSection
EndProject
Global
	GlobalSection(SolutionConfiguration) = preSolution
		Debug = Debug
		No Trace = No Trace
		Release = Release
	EndGlobalSection
	GlobalSection(ProjectConfiguration) = postSolution
		{46BAE05E-698B-4276-820A-D4241F208CE2}.Debug.ActiveCfg = Debug|Win32
		{46BAE05E-698B-4276-820A-D4241F208CE2}.Debug.Build.0 = Debug|Win32
		{46BAE05E-698B-4276-820A-D4241F208CE2}.No Trace.ActiveCfg = No Trace|Win32
		{46BAE05E-698B-4276-820A-D4241F208CE2}.No Trace.Build.0 = No Trace|Win32
		{46BAE05E-698B-4276-820A-D4241F208CE2}.Release.ActiveCfg = Release|Win32
		{46BAE05E-698B-4276-820A-D4241F208CE2}.Release.Build.0 = Release|Win32
		{6819994A-A59B-4896-8805-C5C4FC52F31D}.Debug.ActiveCfg = Debug|Win32
		{6819994A-A59B-4896-8805-C5C4FC52F31D}.Debug.Build.0 = Debug|Win32
		{6819994A-A59B-4896-8805-C5C4FC52F31D}.No Trace.ActiveCfg = No Trace|Win32
		{6819994A-A59B-4896-8805-C5C4FC52F31D}.No Trace.Build.0 = No Trace|Win32
		{6819994A-A59B-4896-8805-C5C4FC52F31D}.Release.ActiveCfg = Release|Win32
		{6819994A-A59B-4896-8805-C5C4FC52F31D}.Release.Build.0 = Release|Win32
		{AC8B99A3-6DEA-48B0-A6A6-31A982FAAD0A}.Debug.ActiveCfg = Debug|Win32
		{AC8B99A3-6DEA-48B0-A6A6-31A982FAAD0A}.Debug.Build.0 = Debug|Win32
		{AC8B99A3-6DEA-48B0-A6A6-31A982FAAD0A}.No Trace.ActiveCfg = No Trace|Win32
		{AC8B99A3-6DEA-48B0-A6A6-31A982FAAD0A}.No Trace.Build.0 = No Trace|Win32
		{AC8B99A3-6DEA-48B0-A6A6-31A982FAAD0A}.Release.ActiveCfg = Release|Win32
		{AC8B99A3-6DEA-48B0-A6A6-31A982FAAD0A}.Release.Build.0 = Release|Win32
		{100A8A78-E4C2-4169-991A-947F822B0FF8}.Debug.ActiveCfg = Debug|Win32
		{100A8A78-E4C2-4169-991A-947F822B0FF8}.Debug.Build.0 = Debug|Win32
		{100A8A78-E4C2-4169-991A-947F822B0FF8}.No Trace.ActiveCfg = Release|Win32
		{100A8A78-E4C2-4169-991A-947F822B0FF8}.Release.ActiveCfg = Release|Win32
		{100A8A78-E4C2-4169-991A-947F822B0FF8}.Release.Build.0 = Release|Win32
		{F1C13640-A056-4280-B1C6-6582E5890B89}.Debug.ActiveCfg = Debug|Win32
		{F1C13640-A056-4280-B1C6-6582E5890B89}.Debug.Build.0 = Debug|Win32
		{F1C13640-A056-4280-B1C6-6582E5890B89}.No Trace.ActiveCfg = Release|Win32
		{F1C13640-A056-4280-B1C6-6582E5890B89}.No Trace.Build.0 = Release|Win32
		{F1C13640-A056-4280-B1C6-6582E5890B89}.Release.ActiveCfg = Release|Win32
		{F1C13640-A056-4280-B1C6-6582E5890B89}.Release.Build.0 = Release|Win32
		{02AFB070-A9D5-4FB7-A041-311722C9F8D4}.Debug.ActiveCfg = Debug|Win32
		{02AFB070-A9D5-4FB7-A041-311722C9F8D4}.Debug.Build.0 = Debug|Win32
		{02AFB070-A9D5-4FB7-A041-311722C9F8D4}.No Trace.ActiveCfg = Release|Win32
		{02AFB070-A9D5-4FB7-A041-311722C9F8D4}.No Trace.Build.0 = Release|Win32
		{02AFB070-A9D5-4FB7-A041-311722C9F8D4}.Release.ActiveCfg = Release|Win32
		{02AFB070-A9D5-4FB7-A041-311722C9F8D4}.Release.Build.0 = Release|Win32
		{E6897206-9765-4B73-9A98-DAC5787814CE}.Debug.ActiveCfg = Debug|Win32
		{E6897206-9765-4B73-9A98-DAC5787814CE}.Debug.Build.0 = Debug|Win32
		{E6897206-9765-4B73-9A98-DAC5787814CE}.No Trace.ActiveCfg = Release|Win32
		{E6897206-9765-4B73-9A98-DAC5787814CE}.No Trace.Build.0 = Release|Win32
		{E6897206-9765-4B73-9A98-DAC5787814CE}.Release.ActiveCfg = Release|Win32
		{E6897206-9765-4B73-9A98-DAC5787814CE}.Release.Build.0 = Release|Win32
		{269DA9EF-526D-46DE-AA69-D39EFBCB29C0}.Debug.ActiveCfg = Debug|Win32
		{269DA9EF-526D-46DE-AA69-D39EFBCB29C0}.Debug.Build.0 = Debug|Win32
		{269DA9EF-526D-46DE-AA69-D39EFBCB29C0}.No Trace.ActiveCfg = Release|Win32
		{269DA9EF-526D-46DE-AA69-D39EFBCB29C0}.No Trace.Build.0 = Release|Win32
		{269DA9EF-526D-46DE-AA69-D39EFBCB29C0}.Release.ActiveCfg = Release|Win32
		{269DA9EF-526D-46DE-AA69-D39EFBCB29C0}.Release.Build.0 = Release|Win32
		{25F0AA82-0186-45AD-92C3-EE1F9282A038}.Debug.ActiveCfg = Debug|Win32
		{25F0AA82-0186-45AD-92C3-EE1F9282A038}.Debug.Build.0 = Debug|Win32
		{25F0AA82-0186-45AD-92C3-EE1F9282A038}.No Trace.ActiveCfg = Release|Win32
		{25F0AA82-0186-45AD-92C3-EE1F9282A038}.No Trace.Build.0 = Release|Win32
		{25F0AA82-0186-45AD-92C3-EE1F9282A038}.Release.ActiveCfg = Release|Win32
		{25F0AA82-0186-45AD-92C3-EE1F9282A038}.Release.Build.0 = Release|Win32
		{9481B85A-4166-4607-ADC4-0C19D2753EB7}.Debug.ActiveCfg = Debug|Win32
		{9481B85A-4166-4607-ADC4-0C19D2753EB7}.Debug.Build.0 = Debug|Win32
		{9481B85A-4166-4607-ADC4-0C19D2753EB7}.No Trace.ActiveCfg = Release|Win32
		{9481B85A-4166-4607-ADC4-0C19D2753EB7}.No Trace.Build.0 = Release|Win32
		{9481B85A-4166-4607-ADC4-0C19D2753EB7}.Release.ActiveCfg = Release|Win32
		{9481B85A-4166-4607-ADC4-0C19D2753EB7}.Release.Build.0 = Release|Win32
		{3F038BF6-B7B9-4941-AF57-8D539FC05781}.Debug.ActiveCfg = Debug|Win32
		{3F038BF6-B7B9-4941-AF57-8D539FC05781}.Debug.Build.0 = Debug|Win32
		{3F038BF6-B7B9-4941-AF57-8D539FC05781}.No Trace.ActiveCfg = Release|Win32
		{3F038BF6-B7B9-4941-AF57-8D539FC05781}.No Trace.Build.0 = Release|Win32
		{3F038BF6-B7B9-4941-AF57-8D539FC05781}.Release.ActiveCfg = Release|Win32
		{3F038BF6-B7B9-4941-AF57-8D539FC05781}.Release.Build.0 = Release|Win32
		{92E9FA1E-2925-42FD-8226-A07CBD237E18}.Debug.ActiveCfg = Debug|Win32
		{92E9FA1E-2925-42FD-8226-A07CBD237E18}.No Trace.ActiveCfg = Release|Win32
		{92E9FA1E-2925-42FD-8226-A07CBD237E18}.Release.ActiveCfg = Release|Win32
	EndGlobalSection
	GlobalSection(ExtensibilityGlobals) = postSolution
	EndGlobalSection
	GlobalSection(ExtensibilityAddIns) = postSolution
	EndGlobalSection
EndGlobal
