Microsoft Visual Studio Solution File, Format Version 8.00
Project("{8BC9CEB8-8B4A-11D0-8D11-00A0C91BC942}") = "Speex", "audio\Speex\Speex.vcproj", "{7B24CDA1-B8C8-4062-9ADD-05C617028F47}"
	ProjectSection(ProjectDependencies) = postProject
	EndProjectSection
EndProject
Project("{8BC9CEB8-8B4A-11D0-8D11-00A0C91BC942}") = "ilbccodec", "audio\iLBC\ilbccodec.vcproj", "{F16D6A0E-7392-4986-BC34-CE6122103DBE}"
	ProjectSection(ProjectDependencies) = postProject
	EndProjectSection
EndProject
Project("{8BC9CEB8-8B4A-11D0-8D11-00A0C91BC942}") = "G726", "audio\G726\G726.vcproj", "{269DA9EF-526D-46DE-AA69-D39EFBCB29C0}"
	ProjectSection(ProjectDependencies) = postProject
	EndProjectSection
EndProject
Project("{8BC9CEB8-8B4A-11D0-8D11-00A0C91BC942}") = "gsm0610", "audio\GSM0610\gsm0610.vcproj", "{E6897206-9765-4B73-9A98-DAC5787814CE}"
	ProjectSection(ProjectDependencies) = postProject
	EndProjectSection
EndProject
Project("{8BC9CEB8-8B4A-11D0-8D11-00A0C91BC942}") = "IMA_ADPCM", "audio\IMA_ADPCM\IMA_ADPCM.vcproj", "{25F0AA82-0186-45AD-92C3-EE1F9282A038}"
	ProjectSection(ProjectDependencies) = postProject
	EndProjectSection
EndProject
Project("{8BC9CEB8-8B4A-11D0-8D11-00A0C91BC942}") = "LPC_10", "audio\LPC_10\LPC_10.vcproj", "{9481B85A-4166-4607-ADC4-0C19D2753EB7}"
	ProjectSection(ProjectDependencies) = postProject
	EndProjectSection
EndProject
Project("{8BC9CEB8-8B4A-11D0-8D11-00A0C91BC942}") = "VoiceAgeG729", "audio\VoiceAgeG729\VoiceAgeG729.vcproj", "{3F038BF6-B7B9-4941-AF57-8D539FC05781}"
	ProjectSection(ProjectDependencies) = postProject
	EndProjectSection
EndProject
Global
	GlobalSection(SolutionConfiguration) = preSolution
		Debug = Debug
		Release = Release
	EndGlobalSection
	GlobalSection(ProjectConfiguration) = postSolution
		{7B24CDA1-B8C8-4062-9ADD-05C617028F47}.Debug.ActiveCfg = Debug|Win32
		{7B24CDA1-B8C8-4062-9ADD-05C617028F47}.Debug.Build.0 = Debug|Win32
		{7B24CDA1-B8C8-4062-9ADD-05C617028F47}.Release.ActiveCfg = Release|Win32
		{7B24CDA1-B8C8-4062-9ADD-05C617028F47}.Release.Build.0 = Release|Win32
		{F16D6A0E-7392-4986-BC34-CE6122103DBE}.Debug.ActiveCfg = Debug|Win32
		{F16D6A0E-7392-4986-BC34-CE6122103DBE}.Debug.Build.0 = Debug|Win32
		{F16D6A0E-7392-4986-BC34-CE6122103DBE}.Release.ActiveCfg = Release|Win32
		{F16D6A0E-7392-4986-BC34-CE6122103DBE}.Release.Build.0 = Release|Win32
		{269DA9EF-526D-46DE-AA69-D39EFBCB29C0}.Debug.ActiveCfg = Debug|Win32
		{269DA9EF-526D-46DE-AA69-D39EFBCB29C0}.Debug.Build.0 = Debug|Win32
		{269DA9EF-526D-46DE-AA69-D39EFBCB29C0}.Release.ActiveCfg = Release|Win32
		{269DA9EF-526D-46DE-AA69-D39EFBCB29C0}.Release.Build.0 = Release|Win32
		{E6897206-9765-4B73-9A98-DAC5787814CE}.Debug.ActiveCfg = Debug|Win32
		{E6897206-9765-4B73-9A98-DAC5787814CE}.Debug.Build.0 = Debug|Win32
		{E6897206-9765-4B73-9A98-DAC5787814CE}.Release.ActiveCfg = Release|Win32
		{E6897206-9765-4B73-9A98-DAC5787814CE}.Release.Build.0 = Release|Win32
		{25F0AA82-0186-45AD-92C3-EE1F9282A038}.Debug.ActiveCfg = Debug|Win32
		{25F0AA82-0186-45AD-92C3-EE1F9282A038}.Debug.Build.0 = Debug|Win32
		{25F0AA82-0186-45AD-92C3-EE1F9282A038}.Release.ActiveCfg = Release|Win32
		{25F0AA82-0186-45AD-92C3-EE1F9282A038}.Release.Build.0 = Release|Win32
		{9481B85A-4166-4607-ADC4-0C19D2753EB7}.Debug.ActiveCfg = Debug|Win32
		{9481B85A-4166-4607-ADC4-0C19D2753EB7}.Debug.Build.0 = Debug|Win32
		{9481B85A-4166-4607-ADC4-0C19D2753EB7}.Release.ActiveCfg = Release|Win32
		{9481B85A-4166-4607-ADC4-0C19D2753EB7}.Release.Build.0 = Release|Win32
		{3F038BF6-B7B9-4941-AF57-8D539FC05781}.Debug.ActiveCfg = Debug|Win32
		{3F038BF6-B7B9-4941-AF57-8D539FC05781}.Debug.Build.0 = Debug|Win32
		{3F038BF6-B7B9-4941-AF57-8D539FC05781}.Release.ActiveCfg = Release|Win32
		{3F038BF6-B7B9-4941-AF57-8D539FC05781}.Release.Build.0 = Release|Win32
	EndGlobalSection
	GlobalSection(ExtensibilityGlobals) = postSolution
	EndGlobalSection
	GlobalSection(ExtensibilityAddIns) = postSolution
	EndGlobalSection
EndGlobal
