Microsoft Visual Studio Solution File, Format Version 8.00
Project("{8BC9CEB8-8B4A-11D0-8D11-00A0C91BC942}") = "SimpH323", "simple.vcproj", "{ECD7323A-4146-49D7-A5FB-82348FD46664}"
	ProjectSection(ProjectDependencies) = postProject
	EndProjectSection
EndProject
Global
	GlobalSection(SolutionConfiguration) = preSolution
		Debug = Debug
		No Trace = No Trace
		Release = Release
	EndGlobalSection
	GlobalSection(ProjectConfiguration) = postSolution
		{ECD7323A-4146-49D7-A5FB-82348FD46664}.Debug.ActiveCfg = Debug|Win32
		{ECD7323A-4146-49D7-A5FB-82348FD46664}.Debug.Build.0 = Debug|Win32
		{ECD7323A-4146-49D7-A5FB-82348FD46664}.No Trace.ActiveCfg = No Trace|Win32
		{ECD7323A-4146-49D7-A5FB-82348FD46664}.No Trace.Build.0 = No Trace|Win32
		{ECD7323A-4146-49D7-A5FB-82348FD46664}.Release.ActiveCfg = Release|Win32
		{ECD7323A-4146-49D7-A5FB-82348FD46664}.Release.Build.0 = Release|Win32
	EndGlobalSection
	GlobalSection(ExtensibilityGlobals) = postSolution
	EndGlobalSection
	GlobalSection(ExtensibilityAddIns) = postSolution
	EndGlobalSection
EndGlobal
